// !$*UTF8*$!
{
	archiveVersion = 1;
	classes = {
	};
	objectVersion = 46;
	objects = {

/* Begin PBXBuildFile section */
		9007DC961D93ED1E0092AA9E /* AppDelegate.swift in Sources */ = {isa = PBXBuildFile; fileRef = 9007DC951D93ED1E0092AA9E /* AppDelegate.swift */; };
		9007DC981D93ED1E0092AA9E /* LoginViewController.swift in Sources */ = {isa = PBXBuildFile; fileRef = 9007DC971D93ED1E0092AA9E /* LoginViewController.swift */; };
		9007DC9B1D93ED1E0092AA9E /* Main.storyboard in Resources */ = {isa = PBXBuildFile; fileRef = 9007DC991D93ED1E0092AA9E /* Main.storyboard */; };
		9007DC9D1D93ED1E0092AA9E /* Assets.xcassets in Resources */ = {isa = PBXBuildFile; fileRef = 9007DC9C1D93ED1E0092AA9E /* Assets.xcassets */; };
		9007DCA01D93ED1E0092AA9E /* LaunchScreen.storyboard in Resources */ = {isa = PBXBuildFile; fileRef = 9007DC9E1D93ED1E0092AA9E /* LaunchScreen.storyboard */; };
		9007DCB01D93F8450092AA9E /* EnvironmentManager.m in Sources */ = {isa = PBXBuildFile; fileRef = 9007DCAF1D93F8450092AA9E /* EnvironmentManager.m */; };
		9007DCB41D93FA1D0092AA9E /* KeychainSwiftDistrib.swift in Sources */ = {isa = PBXBuildFile; fileRef = 9007DCB21D93FA1D0092AA9E /* KeychainSwiftDistrib.swift */; };
		9007DCB51D93FA1D0092AA9E /* KeychainManager.swift in Sources */ = {isa = PBXBuildFile; fileRef = 9007DCB31D93FA1D0092AA9E /* KeychainManager.swift */; };
		9007DCB91D93FCD20092AA9E /* XTSettings.m in Sources */ = {isa = PBXBuildFile; fileRef = 9007DCB81D93FCD20092AA9E /* XTSettings.m */; };
		9007DCCB1D9416940092AA9E /* NavigationHideScrollBehavior.swift in Sources */ = {isa = PBXBuildFile; fileRef = 9007DCC11D9416940092AA9E /* NavigationHideScrollBehavior.swift */; };
		9007DCCC1D9416940092AA9E /* Behavior.swift in Sources */ = {isa = PBXBuildFile; fileRef = 9007DCC31D9416940092AA9E /* Behavior.swift */; };
		9007DCCD1D9416940092AA9E /* TextFieldResponderBehavior.swift in Sources */ = {isa = PBXBuildFile; fileRef = 9007DCC51D9416940092AA9E /* TextFieldResponderBehavior.swift */; };
		9007DCCE1D9416940092AA9E /* TextFieldScrollBehavior.swift in Sources */ = {isa = PBXBuildFile; fileRef = 9007DCC61D9416940092AA9E /* TextFieldScrollBehavior.swift */; };
		9007DCCF1D9416940092AA9E /* TextFieldValidatorBehavior.swift in Sources */ = {isa = PBXBuildFile; fileRef = 9007DCC71D9416940092AA9E /* TextFieldValidatorBehavior.swift */; };
		9007DCD01D9416940092AA9E /* ViewPositionKeyboardBehavior.swift in Sources */ = {isa = PBXBuildFile; fileRef = 9007DCC81D9416940092AA9E /* ViewPositionKeyboardBehavior.swift */; };
		9007DCD11D9416940092AA9E /* ScrollingTriggerBehavior.swift in Sources */ = {isa = PBXBuildFile; fileRef = 9007DCCA1D9416940092AA9E /* ScrollingTriggerBehavior.swift */; };
		9007DCDD1D94192C0092AA9E /* SVIndefiniteAnimatedView.m in Sources */ = {isa = PBXBuildFile; fileRef = 9007DCD31D94192C0092AA9E /* SVIndefiniteAnimatedView.m */; };
		9007DCDE1D94192C0092AA9E /* SVProgressAnimatedView.m in Sources */ = {isa = PBXBuildFile; fileRef = 9007DCD51D94192C0092AA9E /* SVProgressAnimatedView.m */; };
		9007DCDF1D94192C0092AA9E /* SVProgressHUD.bundle in Resources */ = {isa = PBXBuildFile; fileRef = 9007DCD61D94192C0092AA9E /* SVProgressHUD.bundle */; };
		9007DCE01D94192C0092AA9E /* SVProgressHUD.m in Sources */ = {isa = PBXBuildFile; fileRef = 9007DCD81D94192C0092AA9E /* SVProgressHUD.m */; };
		9007DCE11D94192C0092AA9E /* SVRadialGradientLayer.m in Sources */ = {isa = PBXBuildFile; fileRef = 9007DCDA1D94192C0092AA9E /* SVRadialGradientLayer.m */; };
		9007DCE21D94192C0092AA9E /* Loader.swift in Sources */ = {isa = PBXBuildFile; fileRef = 9007DCDB1D94192C0092AA9E /* Loader.swift */; };
		9007DCF41D953A690092AA9E /* BluetoothManager.swift in Sources */ = {isa = PBXBuildFile; fileRef = 9007DCED1D953A690092AA9E /* BluetoothManager.swift */; };
		9007DCF51D953A690092AA9E /* PeripheralManager.swift in Sources */ = {isa = PBXBuildFile; fileRef = 9007DCEE1D953A690092AA9E /* PeripheralManager.swift */; };
		9007DCF61D953A690092AA9E /* ClickeyConstants.swift in Sources */ = {isa = PBXBuildFile; fileRef = 9007DCEF1D953A690092AA9E /* ClickeyConstants.swift */; };
		9007DCF71D953A690092AA9E /* ClickeyService.swift in Sources */ = {isa = PBXBuildFile; fileRef = 9007DCF01D953A690092AA9E /* ClickeyService.swift */; };
		9007DCF81D953A690092AA9E /* ClickeyServiceMock.swift in Sources */ = {isa = PBXBuildFile; fileRef = 9007DCF11D953A690092AA9E /* ClickeyServiceMock.swift */; };
		9007DCF91D953A690092AA9E /* ClickeyServiceImplementation.swift in Sources */ = {isa = PBXBuildFile; fileRef = 9007DCF21D953A690092AA9E /* ClickeyServiceImplementation.swift */; };
		9007DCFA1D953A690092AA9E /* ValidationService.swift in Sources */ = {isa = PBXBuildFile; fileRef = 9007DCF31D953A690092AA9E /* ValidationService.swift */; };
		9007DD011D953B390092AA9E /* SubscriptionParser.swift in Sources */ = {isa = PBXBuildFile; fileRef = 9007DCFC1D953B390092AA9E /* SubscriptionParser.swift */; };
		9007DD021D953B390092AA9E /* ClickeyModel.swift in Sources */ = {isa = PBXBuildFile; fileRef = 9007DCFD1D953B390092AA9E /* ClickeyModel.swift */; };
		9007DD031D953B390092AA9E /* ClickeyServerModel.swift in Sources */ = {isa = PBXBuildFile; fileRef = 9007DCFE1D953B390092AA9E /* ClickeyServerModel.swift */; };
		9007DD041D953B390092AA9E /* SubscriptionModel.swift in Sources */ = {isa = PBXBuildFile; fileRef = 9007DCFF1D953B390092AA9E /* SubscriptionModel.swift */; };
		9007DD051D953B390092AA9E /* SubscriptionSchemeModel.swift in Sources */ = {isa = PBXBuildFile; fileRef = 9007DD001D953B390092AA9E /* SubscriptionSchemeModel.swift */; };
		9007DD0E1D953B680092AA9E /* Extensions+Others.swift in Sources */ = {isa = PBXBuildFile; fileRef = 9007DD0A1D953B680092AA9E /* Extensions+Others.swift */; };
		9007DD101D953B930092AA9E /* SmartTextField.swift in Sources */ = {isa = PBXBuildFile; fileRef = 9007DD0F1D953B930092AA9E /* SmartTextField.swift */; };
		906485C21DA7D067004BE5B7 /* ClickeyDetailView.swift in Sources */ = {isa = PBXBuildFile; fileRef = 906485C11DA7D067004BE5B7 /* ClickeyDetailView.swift */; };
		906485C41DA7F146004BE5B7 /* ClickeyPayloadModel.swift in Sources */ = {isa = PBXBuildFile; fileRef = 906485C31DA7F146004BE5B7 /* ClickeyPayloadModel.swift */; };
		9067F7A01DA3B8D40002FBA9 /* RegisterUserVC.swift in Sources */ = {isa = PBXBuildFile; fileRef = 9067F79F1DA3B8D40002FBA9 /* RegisterUserVC.swift */; };
		9067F7A41DA3C3380002FBA9 /* ClickeyTabBarViewController.swift in Sources */ = {isa = PBXBuildFile; fileRef = 9067F7A31DA3C3380002FBA9 /* ClickeyTabBarViewController.swift */; };
		9067F7A91DA3EB830002FBA9 /* R.generated.swift in Sources */ = {isa = PBXBuildFile; fileRef = 9067F7A81DA3EB830002FBA9 /* R.generated.swift */; };
		9067F7AB1DA513FC0002FBA9 /* ClickeyListTableView.swift in Sources */ = {isa = PBXBuildFile; fileRef = 9067F7AA1DA513FC0002FBA9 /* ClickeyListTableView.swift */; };
		9067F7AD1DA5213B0002FBA9 /* ClickeyMapViewController.swift in Sources */ = {isa = PBXBuildFile; fileRef = 9067F7AC1DA5213B0002FBA9 /* ClickeyMapViewController.swift */; };
		9067F7B61DA54DC30002FBA9 /* ClickeyTableViewCell.swift in Sources */ = {isa = PBXBuildFile; fileRef = 9067F7B41DA54DC30002FBA9 /* ClickeyTableViewCell.swift */; };
		9067F7B71DA54DC30002FBA9 /* ClickeyTableViewCell.xib in Resources */ = {isa = PBXBuildFile; fileRef = 9067F7B51DA54DC30002FBA9 /* ClickeyTableViewCell.xib */; };
		9067F7B91DA554D70002FBA9 /* Clickey.swift in Sources */ = {isa = PBXBuildFile; fileRef = 9067F7B81DA554D70002FBA9 /* Clickey.swift */; };
		9067F7BB1DA6A1AF0002FBA9 /* Date.swift in Sources */ = {isa = PBXBuildFile; fileRef = 9067F7BA1DA6A1AF0002FBA9 /* Date.swift */; };
		A3F6DCFD7C7020F26D9642EF /* Pods.framework in Frameworks */ = {isa = PBXBuildFile; fileRef = B9859F8F925869E564F1949C /* Pods.framework */; };
/* End PBXBuildFile section */

/* Begin PBXFileReference section */
		2B18F98AD2378EE6A94FD8C5 /* Pods.debug.xcconfig */ = {isa = PBXFileReference; includeInIndex = 1; lastKnownFileType = text.xcconfig; name = Pods.debug.xcconfig; path = "Pods/Target Support Files/Pods/Pods.debug.xcconfig"; sourceTree = "<group>"; };
		4D2CC46373631867B55183C3 /* Pods.release.xcconfig */ = {isa = PBXFileReference; includeInIndex = 1; lastKnownFileType = text.xcconfig; name = Pods.release.xcconfig; path = "Pods/Target Support Files/Pods/Pods.release.xcconfig"; sourceTree = "<group>"; };
		9007DC921D93ED1E0092AA9E /* ClickeyB2B.app */ = {isa = PBXFileReference; explicitFileType = wrapper.application; includeInIndex = 0; path = ClickeyB2B.app; sourceTree = BUILT_PRODUCTS_DIR; };
		9007DC951D93ED1E0092AA9E /* AppDelegate.swift */ = {isa = PBXFileReference; lastKnownFileType = sourcecode.swift; path = AppDelegate.swift; sourceTree = "<group>"; };
		9007DC971D93ED1E0092AA9E /* LoginViewController.swift */ = {isa = PBXFileReference; lastKnownFileType = sourcecode.swift; path = LoginViewController.swift; sourceTree = "<group>"; };
		9007DC9A1D93ED1E0092AA9E /* Base */ = {isa = PBXFileReference; lastKnownFileType = file.storyboard; name = Base; path = Base.lproj/Main.storyboard; sourceTree = "<group>"; };
		9007DC9C1D93ED1E0092AA9E /* Assets.xcassets */ = {isa = PBXFileReference; lastKnownFileType = folder.assetcatalog; path = Assets.xcassets; sourceTree = "<group>"; };
		9007DC9F1D93ED1E0092AA9E /* Base */ = {isa = PBXFileReference; lastKnownFileType = file.storyboard; name = Base; path = Base.lproj/LaunchScreen.storyboard; sourceTree = "<group>"; };
		9007DCA11D93ED1E0092AA9E /* Info.plist */ = {isa = PBXFileReference; lastKnownFileType = text.plist.xml; path = Info.plist; sourceTree = "<group>"; };
		9007DCAD1D93F8450092AA9E /* ClickeyB2B-Bridging-Header.h */ = {isa = PBXFileReference; lastKnownFileType = sourcecode.c.h; path = "ClickeyB2B-Bridging-Header.h"; sourceTree = "<group>"; };
		9007DCAE1D93F8450092AA9E /* EnvironmentManager.h */ = {isa = PBXFileReference; fileEncoding = 4; lastKnownFileType = sourcecode.c.h; path = EnvironmentManager.h; sourceTree = "<group>"; };
		9007DCAF1D93F8450092AA9E /* EnvironmentManager.m */ = {isa = PBXFileReference; fileEncoding = 4; lastKnownFileType = sourcecode.c.objc; path = EnvironmentManager.m; sourceTree = "<group>"; };
		9007DCB21D93FA1D0092AA9E /* KeychainSwiftDistrib.swift */ = {isa = PBXFileReference; fileEncoding = 4; lastKnownFileType = sourcecode.swift; path = KeychainSwiftDistrib.swift; sourceTree = "<group>"; };
		9007DCB31D93FA1D0092AA9E /* KeychainManager.swift */ = {isa = PBXFileReference; fileEncoding = 4; lastKnownFileType = sourcecode.swift; path = KeychainManager.swift; sourceTree = "<group>"; };
		9007DCB71D93FCD20092AA9E /* XTSettings.h */ = {isa = PBXFileReference; fileEncoding = 4; lastKnownFileType = sourcecode.c.h; path = XTSettings.h; sourceTree = "<group>"; };
		9007DCB81D93FCD20092AA9E /* XTSettings.m */ = {isa = PBXFileReference; fileEncoding = 4; lastKnownFileType = sourcecode.c.objc; path = XTSettings.m; sourceTree = "<group>"; };
		9007DCC11D9416940092AA9E /* NavigationHideScrollBehavior.swift */ = {isa = PBXFileReference; fileEncoding = 4; lastKnownFileType = sourcecode.swift; path = NavigationHideScrollBehavior.swift; sourceTree = "<group>"; };
		9007DCC31D9416940092AA9E /* Behavior.swift */ = {isa = PBXFileReference; fileEncoding = 4; lastKnownFileType = sourcecode.swift; path = Behavior.swift; sourceTree = "<group>"; };
		9007DCC51D9416940092AA9E /* TextFieldResponderBehavior.swift */ = {isa = PBXFileReference; fileEncoding = 4; lastKnownFileType = sourcecode.swift; path = TextFieldResponderBehavior.swift; sourceTree = "<group>"; };
		9007DCC61D9416940092AA9E /* TextFieldScrollBehavior.swift */ = {isa = PBXFileReference; fileEncoding = 4; lastKnownFileType = sourcecode.swift; path = TextFieldScrollBehavior.swift; sourceTree = "<group>"; };
		9007DCC71D9416940092AA9E /* TextFieldValidatorBehavior.swift */ = {isa = PBXFileReference; fileEncoding = 4; lastKnownFileType = sourcecode.swift; path = TextFieldValidatorBehavior.swift; sourceTree = "<group>"; };
		9007DCC81D9416940092AA9E /* ViewPositionKeyboardBehavior.swift */ = {isa = PBXFileReference; fileEncoding = 4; lastKnownFileType = sourcecode.swift; path = ViewPositionKeyboardBehavior.swift; sourceTree = "<group>"; };
		9007DCCA1D9416940092AA9E /* ScrollingTriggerBehavior.swift */ = {isa = PBXFileReference; fileEncoding = 4; lastKnownFileType = sourcecode.swift; path = ScrollingTriggerBehavior.swift; sourceTree = "<group>"; };
		9007DCD21D94192C0092AA9E /* SVIndefiniteAnimatedView.h */ = {isa = PBXFileReference; fileEncoding = 4; lastKnownFileType = sourcecode.c.h; name = SVIndefiniteAnimatedView.h; path = SVProgressHUD/SVIndefiniteAnimatedView.h; sourceTree = "<group>"; };
		9007DCD31D94192C0092AA9E /* SVIndefiniteAnimatedView.m */ = {isa = PBXFileReference; fileEncoding = 4; lastKnownFileType = sourcecode.c.objc; name = SVIndefiniteAnimatedView.m; path = SVProgressHUD/SVIndefiniteAnimatedView.m; sourceTree = "<group>"; };
		9007DCD41D94192C0092AA9E /* SVProgressAnimatedView.h */ = {isa = PBXFileReference; fileEncoding = 4; lastKnownFileType = sourcecode.c.h; name = SVProgressAnimatedView.h; path = SVProgressHUD/SVProgressAnimatedView.h; sourceTree = "<group>"; };
		9007DCD51D94192C0092AA9E /* SVProgressAnimatedView.m */ = {isa = PBXFileReference; fileEncoding = 4; lastKnownFileType = sourcecode.c.objc; name = SVProgressAnimatedView.m; path = SVProgressHUD/SVProgressAnimatedView.m; sourceTree = "<group>"; };
		9007DCD61D94192C0092AA9E /* SVProgressHUD.bundle */ = {isa = PBXFileReference; lastKnownFileType = "wrapper.plug-in"; name = SVProgressHUD.bundle; path = SVProgressHUD/SVProgressHUD.bundle; sourceTree = "<group>"; };
		9007DCD71D94192C0092AA9E /* SVProgressHUD.h */ = {isa = PBXFileReference; fileEncoding = 4; lastKnownFileType = sourcecode.c.h; name = SVProgressHUD.h; path = SVProgressHUD/SVProgressHUD.h; sourceTree = "<group>"; };
		9007DCD81D94192C0092AA9E /* SVProgressHUD.m */ = {isa = PBXFileReference; fileEncoding = 4; lastKnownFileType = sourcecode.c.objc; name = SVProgressHUD.m; path = SVProgressHUD/SVProgressHUD.m; sourceTree = "<group>"; };
		9007DCD91D94192C0092AA9E /* SVRadialGradientLayer.h */ = {isa = PBXFileReference; fileEncoding = 4; lastKnownFileType = sourcecode.c.h; name = SVRadialGradientLayer.h; path = SVProgressHUD/SVRadialGradientLayer.h; sourceTree = "<group>"; };
		9007DCDA1D94192C0092AA9E /* SVRadialGradientLayer.m */ = {isa = PBXFileReference; fileEncoding = 4; lastKnownFileType = sourcecode.c.objc; name = SVRadialGradientLayer.m; path = SVProgressHUD/SVRadialGradientLayer.m; sourceTree = "<group>"; };
		9007DCDB1D94192C0092AA9E /* Loader.swift */ = {isa = PBXFileReference; fileEncoding = 4; lastKnownFileType = sourcecode.swift; path = Loader.swift; sourceTree = "<group>"; };
		9007DCED1D953A690092AA9E /* BluetoothManager.swift */ = {isa = PBXFileReference; fileEncoding = 4; lastKnownFileType = sourcecode.swift; path = BluetoothManager.swift; sourceTree = "<group>"; };
		9007DCEE1D953A690092AA9E /* PeripheralManager.swift */ = {isa = PBXFileReference; fileEncoding = 4; lastKnownFileType = sourcecode.swift; path = PeripheralManager.swift; sourceTree = "<group>"; };
		9007DCEF1D953A690092AA9E /* ClickeyConstants.swift */ = {isa = PBXFileReference; fileEncoding = 4; lastKnownFileType = sourcecode.swift; path = ClickeyConstants.swift; sourceTree = "<group>"; };
		9007DCF01D953A690092AA9E /* ClickeyService.swift */ = {isa = PBXFileReference; fileEncoding = 4; lastKnownFileType = sourcecode.swift; path = ClickeyService.swift; sourceTree = "<group>"; };
		9007DCF11D953A690092AA9E /* ClickeyServiceMock.swift */ = {isa = PBXFileReference; fileEncoding = 4; lastKnownFileType = sourcecode.swift; path = ClickeyServiceMock.swift; sourceTree = "<group>"; };
		9007DCF21D953A690092AA9E /* ClickeyServiceImplementation.swift */ = {isa = PBXFileReference; fileEncoding = 4; lastKnownFileType = sourcecode.swift; path = ClickeyServiceImplementation.swift; sourceTree = "<group>"; };
		9007DCF31D953A690092AA9E /* ValidationService.swift */ = {isa = PBXFileReference; fileEncoding = 4; lastKnownFileType = sourcecode.swift; path = ValidationService.swift; sourceTree = "<group>"; };
		9007DCFC1D953B390092AA9E /* SubscriptionParser.swift */ = {isa = PBXFileReference; fileEncoding = 4; lastKnownFileType = sourcecode.swift; path = SubscriptionParser.swift; sourceTree = "<group>"; };
		9007DCFD1D953B390092AA9E /* ClickeyModel.swift */ = {isa = PBXFileReference; fileEncoding = 4; lastKnownFileType = sourcecode.swift; path = ClickeyModel.swift; sourceTree = "<group>"; };
		9007DCFE1D953B390092AA9E /* ClickeyServerModel.swift */ = {isa = PBXFileReference; fileEncoding = 4; lastKnownFileType = sourcecode.swift; path = ClickeyServerModel.swift; sourceTree = "<group>"; };
		9007DCFF1D953B390092AA9E /* SubscriptionModel.swift */ = {isa = PBXFileReference; fileEncoding = 4; lastKnownFileType = sourcecode.swift; path = SubscriptionModel.swift; sourceTree = "<group>"; };
		9007DD001D953B390092AA9E /* SubscriptionSchemeModel.swift */ = {isa = PBXFileReference; fileEncoding = 4; lastKnownFileType = sourcecode.swift; path = SubscriptionSchemeModel.swift; sourceTree = "<group>"; };
		9007DD0A1D953B680092AA9E /* Extensions+Others.swift */ = {isa = PBXFileReference; fileEncoding = 4; lastKnownFileType = sourcecode.swift; path = "Extensions+Others.swift"; sourceTree = "<group>"; };
		9007DD0F1D953B930092AA9E /* SmartTextField.swift */ = {isa = PBXFileReference; fileEncoding = 4; lastKnownFileType = sourcecode.swift; path = SmartTextField.swift; sourceTree = "<group>"; };
		906485C11DA7D067004BE5B7 /* ClickeyDetailView.swift */ = {isa = PBXFileReference; fileEncoding = 4; lastKnownFileType = sourcecode.swift; path = ClickeyDetailView.swift; sourceTree = "<group>"; };
		906485C31DA7F146004BE5B7 /* ClickeyPayloadModel.swift */ = {isa = PBXFileReference; fileEncoding = 4; lastKnownFileType = sourcecode.swift; path = ClickeyPayloadModel.swift; sourceTree = "<group>"; };
		9067F79F1DA3B8D40002FBA9 /* RegisterUserVC.swift */ = {isa = PBXFileReference; fileEncoding = 4; lastKnownFileType = sourcecode.swift; path = RegisterUserVC.swift; sourceTree = "<group>"; };
		9067F7A31DA3C3380002FBA9 /* ClickeyTabBarViewController.swift */ = {isa = PBXFileReference; fileEncoding = 4; lastKnownFileType = sourcecode.swift; path = ClickeyTabBarViewController.swift; sourceTree = "<group>"; };
		9067F7A81DA3EB830002FBA9 /* R.generated.swift */ = {isa = PBXFileReference; fileEncoding = 4; lastKnownFileType = sourcecode.swift; path = R.generated.swift; sourceTree = SOURCE_ROOT; };
		9067F7AA1DA513FC0002FBA9 /* ClickeyListTableView.swift */ = {isa = PBXFileReference; fileEncoding = 4; lastKnownFileType = sourcecode.swift; path = ClickeyListTableView.swift; sourceTree = "<group>"; };
		9067F7AC1DA5213B0002FBA9 /* ClickeyMapViewController.swift */ = {isa = PBXFileReference; fileEncoding = 4; lastKnownFileType = sourcecode.swift; path = ClickeyMapViewController.swift; sourceTree = "<group>"; };
		9067F7B41DA54DC30002FBA9 /* ClickeyTableViewCell.swift */ = {isa = PBXFileReference; fileEncoding = 4; lastKnownFileType = sourcecode.swift; path = ClickeyTableViewCell.swift; sourceTree = "<group>"; };
		9067F7B51DA54DC30002FBA9 /* ClickeyTableViewCell.xib */ = {isa = PBXFileReference; fileEncoding = 4; lastKnownFileType = file.xib; path = ClickeyTableViewCell.xib; sourceTree = "<group>"; };
		9067F7B81DA554D70002FBA9 /* Clickey.swift */ = {isa = PBXFileReference; fileEncoding = 4; lastKnownFileType = sourcecode.swift; path = Clickey.swift; sourceTree = "<group>"; };
		9067F7BA1DA6A1AF0002FBA9 /* Date.swift */ = {isa = PBXFileReference; fileEncoding = 4; lastKnownFileType = sourcecode.swift; name = Date.swift; path = "../../IOSApps/yona-app-ios/Yona/Yona/Date.swift"; sourceTree = "<group>"; };
		B9859F8F925869E564F1949C /* Pods.framework */ = {isa = PBXFileReference; explicitFileType = wrapper.framework; includeInIndex = 0; path = Pods.framework; sourceTree = BUILT_PRODUCTS_DIR; };
/* End PBXFileReference section */

/* Begin PBXFrameworksBuildPhase section */
		9007DC8F1D93ED1E0092AA9E /* Frameworks */ = {
			isa = PBXFrameworksBuildPhase;
			buildActionMask = 2147483647;
			files = (
				A3F6DCFD7C7020F26D9642EF /* Pods.framework in Frameworks */,
			);
			runOnlyForDeploymentPostprocessing = 0;
		};
/* End PBXFrameworksBuildPhase section */

/* Begin PBXGroup section */
		17EAC1A88F4A4346D42F06CA /* Frameworks */ = {
			isa = PBXGroup;
			children = (
				B9859F8F925869E564F1949C /* Pods.framework */,
			);
			name = Frameworks;
			sourceTree = "<group>";
		};
		9007DC891D93ED1E0092AA9E = {
			isa = PBXGroup;
			children = (
				9007DC941D93ED1E0092AA9E /* ClickeyB2B */,
				9007DC931D93ED1E0092AA9E /* Products */,
				9BE1B1B37B1701174D85E8DC /* Pods */,
				17EAC1A88F4A4346D42F06CA /* Frameworks */,
			);
			sourceTree = "<group>";
		};
		9007DC931D93ED1E0092AA9E /* Products */ = {
			isa = PBXGroup;
			children = (
				9007DC921D93ED1E0092AA9E /* ClickeyB2B.app */,
			);
			name = Products;
			sourceTree = "<group>";
		};
		9007DC941D93ED1E0092AA9E /* ClickeyB2B */ = {
			isa = PBXGroup;
			children = (
				9007DD061D953B600092AA9E /* Extensions */,
				9007DCAC1D93F8390092AA9E /* 3rdPartyAPI */,
				9007DCA71D93F6B70092AA9E /* DataService */,
				9007DC951D93ED1E0092AA9E /* AppDelegate.swift */,
				9007DC971D93ED1E0092AA9E /* LoginViewController.swift */,
				9067F79F1DA3B8D40002FBA9 /* RegisterUserVC.swift */,
				9067F7A31DA3C3380002FBA9 /* ClickeyTabBarViewController.swift */,
				9067F7AA1DA513FC0002FBA9 /* ClickeyListTableView.swift */,
				906485C11DA7D067004BE5B7 /* ClickeyDetailView.swift */,
				9067F7AC1DA5213B0002FBA9 /* ClickeyMapViewController.swift */,
				9067F7B41DA54DC30002FBA9 /* ClickeyTableViewCell.swift */,
				9067F7B81DA554D70002FBA9 /* Clickey.swift */,
				9067F7B51DA54DC30002FBA9 /* ClickeyTableViewCell.xib */,
				9067F7A81DA3EB830002FBA9 /* R.generated.swift */,
				9007DC9C1D93ED1E0092AA9E /* Assets.xcassets */,
				9007DC991D93ED1E0092AA9E /* Main.storyboard */,
				9007DC9E1D93ED1E0092AA9E /* LaunchScreen.storyboard */,
				9007DCA11D93ED1E0092AA9E /* Info.plist */,
			);
			path = ClickeyB2B;
			sourceTree = "<group>";
		};
		9007DCA71D93F6B70092AA9E /* DataService */ = {
			isa = PBXGroup;
			children = (
				9007DCFB1D953B1D0092AA9E /* Model */,
				9007DCEC1D953A5E0092AA9E /* Services */,
			);
			path = DataService;
			sourceTree = "<group>";
		};
		9007DCAC1D93F8390092AA9E /* 3rdPartyAPI */ = {
			isa = PBXGroup;
			children = (
				9007DCDC1D94192C0092AA9E /* SVProgressHUD */,
				9007DCBF1D9416940092AA9E /* Behaviors */,
				9007DCBA1D93FCDD0092AA9E /* EnvironmentManager */,
				9007DCB61D93FCC30092AA9E /* XTSettings */,
				9007DCB11D93FA0C0092AA9E /* KeychainManager */,
				9007DCAD1D93F8450092AA9E /* ClickeyB2B-Bridging-Header.h */,
			);
			name = 3rdPartyAPI;
			sourceTree = "<group>";
		};
		9007DCB11D93FA0C0092AA9E /* KeychainManager */ = {
			isa = PBXGroup;
			children = (
				9007DCB21D93FA1D0092AA9E /* KeychainSwiftDistrib.swift */,
				9007DCB31D93FA1D0092AA9E /* KeychainManager.swift */,
			);
			name = KeychainManager;
			sourceTree = "<group>";
		};
		9007DCB61D93FCC30092AA9E /* XTSettings */ = {
			isa = PBXGroup;
			children = (
				9007DCB71D93FCD20092AA9E /* XTSettings.h */,
				9007DCB81D93FCD20092AA9E /* XTSettings.m */,
			);
			name = XTSettings;
			sourceTree = "<group>";
		};
		9007DCBA1D93FCDD0092AA9E /* EnvironmentManager */ = {
			isa = PBXGroup;
			children = (
				9007DCAE1D93F8450092AA9E /* EnvironmentManager.h */,
				9007DCAF1D93F8450092AA9E /* EnvironmentManager.m */,
			);
			name = EnvironmentManager;
			sourceTree = "<group>";
		};
		9007DCBF1D9416940092AA9E /* Behaviors */ = {
			isa = PBXGroup;
			children = (
				9007DCC01D9416940092AA9E /* Animations */,
				9007DCC21D9416940092AA9E /* Core */,
				9007DCC41D9416940092AA9E /* Forms */,
				9007DCC91D9416940092AA9E /* Triggers */,
			);
			path = Behaviors;
			sourceTree = "<group>";
		};
		9007DCC01D9416940092AA9E /* Animations */ = {
			isa = PBXGroup;
			children = (
				9007DCC11D9416940092AA9E /* NavigationHideScrollBehavior.swift */,
			);
			path = Animations;
			sourceTree = "<group>";
		};
		9007DCC21D9416940092AA9E /* Core */ = {
			isa = PBXGroup;
			children = (
				9007DCC31D9416940092AA9E /* Behavior.swift */,
			);
			path = Core;
			sourceTree = "<group>";
		};
		9007DCC41D9416940092AA9E /* Forms */ = {
			isa = PBXGroup;
			children = (
				9007DCC51D9416940092AA9E /* TextFieldResponderBehavior.swift */,
				9007DCC61D9416940092AA9E /* TextFieldScrollBehavior.swift */,
				9007DCC71D9416940092AA9E /* TextFieldValidatorBehavior.swift */,
				9007DCC81D9416940092AA9E /* ViewPositionKeyboardBehavior.swift */,
			);
			path = Forms;
			sourceTree = "<group>";
		};
		9007DCC91D9416940092AA9E /* Triggers */ = {
			isa = PBXGroup;
			children = (
				9007DCCA1D9416940092AA9E /* ScrollingTriggerBehavior.swift */,
			);
			path = Triggers;
			sourceTree = "<group>";
		};
		9007DCDC1D94192C0092AA9E /* SVProgressHUD */ = {
			isa = PBXGroup;
			children = (
				9007DCD21D94192C0092AA9E /* SVIndefiniteAnimatedView.h */,
				9007DCD31D94192C0092AA9E /* SVIndefiniteAnimatedView.m */,
				9007DCD41D94192C0092AA9E /* SVProgressAnimatedView.h */,
				9007DCD51D94192C0092AA9E /* SVProgressAnimatedView.m */,
				9007DCD61D94192C0092AA9E /* SVProgressHUD.bundle */,
				9007DCD71D94192C0092AA9E /* SVProgressHUD.h */,
				9007DCD81D94192C0092AA9E /* SVProgressHUD.m */,
				9007DCD91D94192C0092AA9E /* SVRadialGradientLayer.h */,
				9007DCDA1D94192C0092AA9E /* SVRadialGradientLayer.m */,
				9007DCDB1D94192C0092AA9E /* Loader.swift */,
			);
			name = SVProgressHUD;
			path = "../../IOSApps/yona-app-ios/Yona/Yona/Others";
			sourceTree = "<group>";
		};
		9007DCEC1D953A5E0092AA9E /* Services */ = {
			isa = PBXGroup;
			children = (
				9007DCED1D953A690092AA9E /* BluetoothManager.swift */,
				9007DCEE1D953A690092AA9E /* PeripheralManager.swift */,
				9007DCEF1D953A690092AA9E /* ClickeyConstants.swift */,
				9007DCF01D953A690092AA9E /* ClickeyService.swift */,
				9007DCF11D953A690092AA9E /* ClickeyServiceMock.swift */,
				9007DCF21D953A690092AA9E /* ClickeyServiceImplementation.swift */,
				9007DCF31D953A690092AA9E /* ValidationService.swift */,
			);
			name = Services;
			sourceTree = "<group>";
		};
		9007DCFB1D953B1D0092AA9E /* Model */ = {
			isa = PBXGroup;
			children = (
				9007DCFC1D953B390092AA9E /* SubscriptionParser.swift */,
				9007DCFD1D953B390092AA9E /* ClickeyModel.swift */,
				9007DCFE1D953B390092AA9E /* ClickeyServerModel.swift */,
				9007DCFF1D953B390092AA9E /* SubscriptionModel.swift */,
				906485C31DA7F146004BE5B7 /* ClickeyPayloadModel.swift */,
				9007DD001D953B390092AA9E /* SubscriptionSchemeModel.swift */,
			);
			name = Model;
			sourceTree = "<group>";
		};
		9007DD061D953B600092AA9E /* Extensions */ = {
			isa = PBXGroup;
			children = (
				9067F7BA1DA6A1AF0002FBA9 /* Date.swift */,
				9007DD0F1D953B930092AA9E /* SmartTextField.swift */,
				9007DD0A1D953B680092AA9E /* Extensions+Others.swift */,
			);
			name = Extensions;
			sourceTree = "<group>";
		};
		9BE1B1B37B1701174D85E8DC /* Pods */ = {
			isa = PBXGroup;
			children = (
				2B18F98AD2378EE6A94FD8C5 /* Pods.debug.xcconfig */,
				4D2CC46373631867B55183C3 /* Pods.release.xcconfig */,
			);
			name = Pods;
			sourceTree = "<group>";
		};
/* End PBXGroup section */

/* Begin PBXNativeTarget section */
		9007DC911D93ED1E0092AA9E /* ClickeyB2B */ = {
			isa = PBXNativeTarget;
			buildConfigurationList = 9007DCA41D93ED1E0092AA9E /* Build configuration list for PBXNativeTarget "ClickeyB2B" */;
			buildPhases = (
				59065B0CE9AC95A9CD8C6591 /* Check Pods Manifest.lock */,
				9067F7A71DA3E9560002FBA9 /* ShellScript */,
				9007DC8E1D93ED1E0092AA9E /* Sources */,
				9007DC8F1D93ED1E0092AA9E /* Frameworks */,
				9007DC901D93ED1E0092AA9E /* Resources */,
				77634A6ED1946D63EBF0DC59 /* Embed Pods Frameworks */,
				DFCF684C5F9F747E638C373A /* Copy Pods Resources */,
			);
			buildRules = (
			);
			dependencies = (
			);
			name = ClickeyB2B;
			productName = ClickeyB2B;
			productReference = 9007DC921D93ED1E0092AA9E /* ClickeyB2B.app */;
			productType = "com.apple.product-type.application";
		};
/* End PBXNativeTarget section */

/* Begin PBXProject section */
		9007DC8A1D93ED1E0092AA9E /* Project object */ = {
			isa = PBXProject;
			attributes = {
				LastSwiftUpdateCheck = 0730;
				LastUpgradeCheck = 0730;
				ORGANIZATIONNAME = "Ben Smith";
				TargetAttributes = {
					9007DC911D93ED1E0092AA9E = {
						CreatedOnToolsVersion = 7.3;
					};
				};
			};
			buildConfigurationList = 9007DC8D1D93ED1E0092AA9E /* Build configuration list for PBXProject "ClickeyB2B" */;
			compatibilityVersion = "Xcode 3.2";
			developmentRegion = English;
			hasScannedForEncodings = 0;
			knownRegions = (
				en,
				Base,
			);
			mainGroup = 9007DC891D93ED1E0092AA9E;
			productRefGroup = 9007DC931D93ED1E0092AA9E /* Products */;
			projectDirPath = "";
			projectRoot = "";
			targets = (
				9007DC911D93ED1E0092AA9E /* ClickeyB2B */,
			);
		};
/* End PBXProject section */

/* Begin PBXResourcesBuildPhase section */
		9007DC901D93ED1E0092AA9E /* Resources */ = {
			isa = PBXResourcesBuildPhase;
			buildActionMask = 2147483647;
			files = (
				9007DCA01D93ED1E0092AA9E /* LaunchScreen.storyboard in Resources */,
				9007DC9D1D93ED1E0092AA9E /* Assets.xcassets in Resources */,
				9067F7B71DA54DC30002FBA9 /* ClickeyTableViewCell.xib in Resources */,
				9007DC9B1D93ED1E0092AA9E /* Main.storyboard in Resources */,
				9007DCDF1D94192C0092AA9E /* SVProgressHUD.bundle in Resources */,
			);
			runOnlyForDeploymentPostprocessing = 0;
		};
/* End PBXResourcesBuildPhase section */

/* Begin PBXShellScriptBuildPhase section */
		59065B0CE9AC95A9CD8C6591 /* Check Pods Manifest.lock */ = {
			isa = PBXShellScriptBuildPhase;
			buildActionMask = 2147483647;
			files = (
			);
			inputPaths = (
			);
			name = "Check Pods Manifest.lock";
			outputPaths = (
			);
			runOnlyForDeploymentPostprocessing = 0;
			shellPath = /bin/sh;
			shellScript = "diff \"${PODS_ROOT}/../Podfile.lock\" \"${PODS_ROOT}/Manifest.lock\" > /dev/null\nif [[ $? != 0 ]] ; then\n    cat << EOM\nerror: The sandbox is not in sync with the Podfile.lock. Run 'pod install' or update your CocoaPods installation.\nEOM\n    exit 1\nfi\n";
			showEnvVarsInLog = 0;
		};
		77634A6ED1946D63EBF0DC59 /* Embed Pods Frameworks */ = {
			isa = PBXShellScriptBuildPhase;
			buildActionMask = 2147483647;
			files = (
			);
			inputPaths = (
			);
			name = "Embed Pods Frameworks";
			outputPaths = (
			);
			runOnlyForDeploymentPostprocessing = 0;
			shellPath = /bin/sh;
			shellScript = "\"${SRCROOT}/Pods/Target Support Files/Pods/Pods-frameworks.sh\"\n";
			showEnvVarsInLog = 0;
		};
		9067F7A71DA3E9560002FBA9 /* ShellScript */ = {
			isa = PBXShellScriptBuildPhase;
			buildActionMask = 2147483647;
			files = (
			);
			inputPaths = (
			);
			outputPaths = (
			);
			runOnlyForDeploymentPostprocessing = 0;
			shellPath = /bin/sh;
			shellScript = "\"$PODS_ROOT/R.swift/rswift\" \"$SRCROOT\"";
		};
		DFCF684C5F9F747E638C373A /* Copy Pods Resources */ = {
			isa = PBXShellScriptBuildPhase;
			buildActionMask = 2147483647;
			files = (
			);
			inputPaths = (
			);
			name = "Copy Pods Resources";
			outputPaths = (
			);
			runOnlyForDeploymentPostprocessing = 0;
			shellPath = /bin/sh;
			shellScript = "\"${SRCROOT}/Pods/Target Support Files/Pods/Pods-resources.sh\"\n";
			showEnvVarsInLog = 0;
		};
/* End PBXShellScriptBuildPhase section */

/* Begin PBXSourcesBuildPhase section */
		9007DC8E1D93ED1E0092AA9E /* Sources */ = {
			isa = PBXSourcesBuildPhase;
			buildActionMask = 2147483647;
			files = (
				9007DCF51D953A690092AA9E /* PeripheralManager.swift in Sources */,
				9067F7A41DA3C3380002FBA9 /* ClickeyTabBarViewController.swift in Sources */,
				9007DC981D93ED1E0092AA9E /* LoginViewController.swift in Sources */,
				9007DD041D953B390092AA9E /* SubscriptionModel.swift in Sources */,
				9067F7B91DA554D70002FBA9 /* Clickey.swift in Sources */,
				9007DD051D953B390092AA9E /* SubscriptionSchemeModel.swift in Sources */,
				9007DD021D953B390092AA9E /* ClickeyModel.swift in Sources */,
				9007DCCB1D9416940092AA9E /* NavigationHideScrollBehavior.swift in Sources */,
				9007DCB51D93FA1D0092AA9E /* KeychainManager.swift in Sources */,
				9067F7A01DA3B8D40002FBA9 /* RegisterUserVC.swift in Sources */,
				9007DCCF1D9416940092AA9E /* TextFieldValidatorBehavior.swift in Sources */,
				9067F7BB1DA6A1AF0002FBA9 /* Date.swift in Sources */,
				906485C21DA7D067004BE5B7 /* ClickeyDetailView.swift in Sources */,
				9007DCE21D94192C0092AA9E /* Loader.swift in Sources */,
				9007DCDE1D94192C0092AA9E /* SVProgressAnimatedView.m in Sources */,
				9007DCCD1D9416940092AA9E /* TextFieldResponderBehavior.swift in Sources */,
				9007DCE01D94192C0092AA9E /* SVProgressHUD.m in Sources */,
				9007DCF41D953A690092AA9E /* BluetoothManager.swift in Sources */,
				9007DD031D953B390092AA9E /* ClickeyServerModel.swift in Sources */,
				9007DCDD1D94192C0092AA9E /* SVIndefiniteAnimatedView.m in Sources */,
				9007DCF71D953A690092AA9E /* ClickeyService.swift in Sources */,
				9007DD101D953B930092AA9E /* SmartTextField.swift in Sources */,
				9007DCCC1D9416940092AA9E /* Behavior.swift in Sources */,
				9007DC961D93ED1E0092AA9E /* AppDelegate.swift in Sources */,
				9067F7AD1DA5213B0002FBA9 /* ClickeyMapViewController.swift in Sources */,
				9007DCB91D93FCD20092AA9E /* XTSettings.m in Sources */,
				9007DCD11D9416940092AA9E /* ScrollingTriggerBehavior.swift in Sources */,
				906485C41DA7F146004BE5B7 /* ClickeyPayloadModel.swift in Sources */,
				9007DCB01D93F8450092AA9E /* EnvironmentManager.m in Sources */,
				9067F7A91DA3EB830002FBA9 /* R.generated.swift in Sources */,
				9067F7B61DA54DC30002FBA9 /* ClickeyTableViewCell.swift in Sources */,
				9007DCCE1D9416940092AA9E /* TextFieldScrollBehavior.swift in Sources */,
				9067F7AB1DA513FC0002FBA9 /* ClickeyListTableView.swift in Sources */,
				9007DCF61D953A690092AA9E /* ClickeyConstants.swift in Sources */,
				9007DD011D953B390092AA9E /* SubscriptionParser.swift in Sources */,
				9007DCD01D9416940092AA9E /* ViewPositionKeyboardBehavior.swift in Sources */,
				9007DCB41D93FA1D0092AA9E /* KeychainSwiftDistrib.swift in Sources */,
				9007DCE11D94192C0092AA9E /* SVRadialGradientLayer.m in Sources */,
				9007DCFA1D953A690092AA9E /* ValidationService.swift in Sources */,
				9007DCF91D953A690092AA9E /* ClickeyServiceImplementation.swift in Sources */,
				9007DCF81D953A690092AA9E /* ClickeyServiceMock.swift in Sources */,
				9007DD0E1D953B680092AA9E /* Extensions+Others.swift in Sources */,
			);
			runOnlyForDeploymentPostprocessing = 0;
		};
/* End PBXSourcesBuildPhase section */

/* Begin PBXVariantGroup section */
		9007DC991D93ED1E0092AA9E /* Main.storyboard */ = {
			isa = PBXVariantGroup;
			children = (
				9007DC9A1D93ED1E0092AA9E /* Base */,
			);
			name = Main.storyboard;
			sourceTree = "<group>";
		};
		9007DC9E1D93ED1E0092AA9E /* LaunchScreen.storyboard */ = {
			isa = PBXVariantGroup;
			children = (
				9007DC9F1D93ED1E0092AA9E /* Base */,
			);
			name = LaunchScreen.storyboard;
			sourceTree = "<group>";
		};
/* End PBXVariantGroup section */

/* Begin XCBuildConfiguration section */
		9007DCA21D93ED1E0092AA9E /* Debug */ = {
			isa = XCBuildConfiguration;
			buildSettings = {
				ALWAYS_SEARCH_USER_PATHS = NO;
				CLANG_ANALYZER_NONNULL = YES;
				CLANG_CXX_LANGUAGE_STANDARD = "gnu++0x";
				CLANG_CXX_LIBRARY = "libc++";
				CLANG_ENABLE_MODULES = YES;
				CLANG_ENABLE_OBJC_ARC = YES;
				CLANG_WARN_BOOL_CONVERSION = YES;
				CLANG_WARN_CONSTANT_CONVERSION = YES;
				CLANG_WARN_DIRECT_OBJC_ISA_USAGE = YES_ERROR;
				CLANG_WARN_EMPTY_BODY = YES;
				CLANG_WARN_ENUM_CONVERSION = YES;
				CLANG_WARN_INT_CONVERSION = YES;
				CLANG_WARN_OBJC_ROOT_CLASS = YES_ERROR;
				CLANG_WARN_UNREACHABLE_CODE = YES;
				CLANG_WARN__DUPLICATE_METHOD_MATCH = YES;
				"CODE_SIGN_IDENTITY[sdk=iphoneos*]" = "iPhone Developer";
				COPY_PHASE_STRIP = NO;
				DEBUG_INFORMATION_FORMAT = dwarf;
				ENABLE_STRICT_OBJC_MSGSEND = YES;
				ENABLE_TESTABILITY = YES;
				GCC_C_LANGUAGE_STANDARD = gnu99;
				GCC_DYNAMIC_NO_PIC = NO;
				GCC_NO_COMMON_BLOCKS = YES;
				GCC_OPTIMIZATION_LEVEL = 0;
				GCC_PREPROCESSOR_DEFINITIONS = (
					"DEBUG=1",
					"$(inherited)",
				);
				GCC_WARN_64_TO_32_BIT_CONVERSION = YES;
				GCC_WARN_ABOUT_RETURN_TYPE = YES_ERROR;
				GCC_WARN_UNDECLARED_SELECTOR = YES;
				GCC_WARN_UNINITIALIZED_AUTOS = YES_AGGRESSIVE;
				GCC_WARN_UNUSED_FUNCTION = YES;
				GCC_WARN_UNUSED_VARIABLE = YES;
				IPHONEOS_DEPLOYMENT_TARGET = 9.3;
				MTL_ENABLE_DEBUG_INFO = YES;
				ONLY_ACTIVE_ARCH = YES;
				SDKROOT = iphoneos;
				SWIFT_OPTIMIZATION_LEVEL = "-Onone";
				TARGETED_DEVICE_FAMILY = "1,2";
			};
			name = Debug;
		};
		9007DCA31D93ED1E0092AA9E /* Release */ = {
			isa = XCBuildConfiguration;
			buildSettings = {
				ALWAYS_SEARCH_USER_PATHS = NO;
				CLANG_ANALYZER_NONNULL = YES;
				CLANG_CXX_LANGUAGE_STANDARD = "gnu++0x";
				CLANG_CXX_LIBRARY = "libc++";
				CLANG_ENABLE_MODULES = YES;
				CLANG_ENABLE_OBJC_ARC = YES;
				CLANG_WARN_BOOL_CONVERSION = YES;
				CLANG_WARN_CONSTANT_CONVERSION = YES;
				CLANG_WARN_DIRECT_OBJC_ISA_USAGE = YES_ERROR;
				CLANG_WARN_EMPTY_BODY = YES;
				CLANG_WARN_ENUM_CONVERSION = YES;
				CLANG_WARN_INT_CONVERSION = YES;
				CLANG_WARN_OBJC_ROOT_CLASS = YES_ERROR;
				CLANG_WARN_UNREACHABLE_CODE = YES;
				CLANG_WARN__DUPLICATE_METHOD_MATCH = YES;
				"CODE_SIGN_IDENTITY[sdk=iphoneos*]" = "iPhone Developer";
				COPY_PHASE_STRIP = NO;
				DEBUG_INFORMATION_FORMAT = "dwarf-with-dsym";
				ENABLE_NS_ASSERTIONS = NO;
				ENABLE_STRICT_OBJC_MSGSEND = YES;
				GCC_C_LANGUAGE_STANDARD = gnu99;
				GCC_NO_COMMON_BLOCKS = YES;
				GCC_WARN_64_TO_32_BIT_CONVERSION = YES;
				GCC_WARN_ABOUT_RETURN_TYPE = YES_ERROR;
				GCC_WARN_UNDECLARED_SELECTOR = YES;
				GCC_WARN_UNINITIALIZED_AUTOS = YES_AGGRESSIVE;
				GCC_WARN_UNUSED_FUNCTION = YES;
				GCC_WARN_UNUSED_VARIABLE = YES;
				IPHONEOS_DEPLOYMENT_TARGET = 9.3;
				MTL_ENABLE_DEBUG_INFO = NO;
				SDKROOT = iphoneos;
				TARGETED_DEVICE_FAMILY = "1,2";
				VALIDATE_PRODUCT = YES;
			};
			name = Release;
		};
		9007DCA51D93ED1E0092AA9E /* Debug */ = {
			isa = XCBuildConfiguration;
			baseConfigurationReference = 2B18F98AD2378EE6A94FD8C5 /* Pods.debug.xcconfig */;
			buildSettings = {
				ASSETCATALOG_COMPILER_APPICON_NAME = AppIcon;
				CLANG_ENABLE_MODULES = YES;
				INFOPLIST_FILE = ClickeyB2B/Info.plist;
				LD_RUNPATH_SEARCH_PATHS = "$(inherited) @executable_path/Frameworks";
				PRODUCT_BUNDLE_IDENTIFIER = Mobiquity.ClickeyB2B;
				PRODUCT_NAME = "$(TARGET_NAME)";
				SWIFT_OBJC_BRIDGING_HEADER = "ClickeyB2B/ClickeyB2B-Bridging-Header.h";
				SWIFT_OPTIMIZATION_LEVEL = "-Onone";
			};
			name = Debug;
		};
		9007DCA61D93ED1E0092AA9E /* Release */ = {
			isa = XCBuildConfiguration;
			baseConfigurationReference = 4D2CC46373631867B55183C3 /* Pods.release.xcconfig */;
			buildSettings = {
				ASSETCATALOG_COMPILER_APPICON_NAME = AppIcon;
				CLANG_ENABLE_MODULES = YES;
				INFOPLIST_FILE = ClickeyB2B/Info.plist;
				LD_RUNPATH_SEARCH_PATHS = "$(inherited) @executable_path/Frameworks";
				PRODUCT_BUNDLE_IDENTIFIER = Mobiquity.ClickeyB2B;
				PRODUCT_NAME = "$(TARGET_NAME)";
				SWIFT_OBJC_BRIDGING_HEADER = "ClickeyB2B/ClickeyB2B-Bridging-Header.h";
			};
			name = Release;
		};
/* End XCBuildConfiguration section */

/* Begin XCConfigurationList section */
		9007DC8D1D93ED1E0092AA9E /* Build configuration list for PBXProject "ClickeyB2B" */ = {
			isa = XCConfigurationList;
			buildConfigurations = (
				9007DCA21D93ED1E0092AA9E /* Debug */,
				9007DCA31D93ED1E0092AA9E /* Release */,
			);
			defaultConfigurationIsVisible = 0;
			defaultConfigurationName = Release;
		};
		9007DCA41D93ED1E0092AA9E /* Build configuration list for PBXNativeTarget "ClickeyB2B" */ = {
			isa = XCConfigurationList;
			buildConfigurations = (
				9007DCA51D93ED1E0092AA9E /* Debug */,
				9007DCA61D93ED1E0092AA9E /* Release */,
			);
			defaultConfigurationIsVisible = 0;
			defaultConfigurationName = Release;
		};
/* End XCConfigurationList section */
	};
	rootObject = 9007DC8A1D93ED1E0092AA9E /* Project object */;
}
